
Microsoft Visual Studio Solution File, Format Version 12.00
Project("{FAE04EC0-301F-11D3-BF4B-00C04F79EFBC}") = "PB-TP3", "PB-TP3\PB-TP3.csproj", "{A9A070C2-2489-47FB-BBFB-2546BAD66557}"
EndProject
Global
	GlobalSection(SolutionConfigurationPlatforms) = preSolution
		Debug|Any CPU = Debug|Any CPU
		Release|Any CPU = Release|Any CPU
	EndGlobalSection
	GlobalSection(ProjectConfigurationPlatforms) = postSolution
		{A9A070C2-2489-47FB-BBFB-2546BAD66557}.Debug|Any CPU.ActiveCfg = Debug|Any CPU
		{A9A070C2-2489-47FB-BBFB-2546BAD66557}.Debug|Any CPU.Build.0 = Debug|Any CPU
		{A9A070C2-2489-47FB-BBFB-2546BAD66557}.Release|Any CPU.ActiveCfg = Release|Any CPU
		{A9A070C2-2489-47FB-BBFB-2546BAD66557}.Release|Any CPU.Build.0 = Release|Any CPU
	EndGlobalSection
EndGlobal
